
Microsoft Visual Studio Solution File, Format Version 12.00
# Visual Studio Version 17
VisualStudioVersion = 17.13.35825.156
MinimumVisualStudioVersion = 10.0.40219.1
Project("{2150E333-8FDC-42A3-9474-1A3956D46DE8}") = "Services", "Services", "{02EA681E-C7D8-13C7-8484-4AC65E1B71E8}"
	ProjectSection(SolutionItems) = preProject
		API Details.txt = API Details.txt
	EndProjectSection
EndProject
Project("{2150E333-8FDC-42A3-9474-1A3956D46DE8}") = "Identity", "Identity", "{DAD683A2-216A-487A-B878-FB401628DA34}"
EndProject
Project("{FAE04EC0-301F-11D3-BF4B-00C04F79EFBC}") = "ECommerce.Identity.API", "ECommerce.Identity.API\ECommerce.Identity.API.csproj", "{DD13A789-7CA6-4458-8787-178C71C149A0}"
EndProject
Project("{FAE04EC0-301F-11D3-BF4B-00C04F79EFBC}") = "ECommerce.Identity.Application", "ECommerce.Identity.Application\ECommerce.Identity.Application.csproj", "{C67BC1D9-2D6E-447A-A56F-DA65CC372005}"
EndProject
Project("{FAE04EC0-301F-11D3-BF4B-00C04F79EFBC}") = "ECommerce.Identity.Domain", "ECommerce.Identity.Domain\ECommerce.Identity.Domain.csproj", "{2E811F9C-2C30-4EAB-AC94-4EC952643DA1}"
EndProject
Project("{FAE04EC0-301F-11D3-BF4B-00C04F79EFBC}") = "ECommerce.Identity.Infrastructure", "ECommerce.Identity.Infrastructure\ECommerce.Identity.Infrastructure.csproj", "{1D123837-B82C-4131-A07B-4877D545A318}"
EndProject
Project("{2150E333-8FDC-42A3-9474-1A3956D46DE8}") = "Catalog", "Catalog", "{08D5735C-2669-4EF1-BD37-ECEF8A431DED}"
EndProject
Project("{FAE04EC0-301F-11D3-BF4B-00C04F79EFBC}") = "ECommerce.Catalog.API", "ECommerce.Catalog.API\ECommerce.Catalog.API.csproj", "{F6ABBCF0-7D55-4AC3-958C-0166D1552A86}"
EndProject
Project("{FAE04EC0-301F-11D3-BF4B-00C04F79EFBC}") = "ECommerce.Catalog.Application", "ECommerce.Catalog.Application\ECommerce.Catalog.Application.csproj", "{10FC062E-7858-466E-ABD2-D1C7B3B6A302}"
EndProject
Project("{FAE04EC0-301F-11D3-BF4B-00C04F79EFBC}") = "ECommerce.Catalog.Domain", "ECommerce.Catalog.Domain\ECommerce.Catalog.Domain.csproj", "{33F02B24-7579-4849-A9D8-244B9FD2B067}"
EndProject
Project("{FAE04EC0-301F-11D3-BF4B-00C04F79EFBC}") = "ECommerce.Catalog.Infrastructure", "ECommerce.Catalog.Infrastructure\ECommerce.Catalog.Infrastructure.csproj", "{43D71022-07F8-46D6-AD15-DB863B473CEC}"
EndProject
Project("{2150E333-8FDC-42A3-9474-1A3956D46DE8}") = "Cart", "Cart", "{D4502955-D78C-4760-82A8-220A20F01713}"
EndProject
Project("{FAE04EC0-301F-11D3-BF4B-00C04F79EFBC}") = "ECommerce.Cart.API", "ECommerce.Cart.API\ECommerce.Cart.API.csproj", "{40A83BED-733D-434C-A8EB-01C3B0D43B6A}"
EndProject
Project("{FAE04EC0-301F-11D3-BF4B-00C04F79EFBC}") = "ECommerce.Cart.Application", "ECommerce.Cart.Application\ECommerce.Cart.Application.csproj", "{3A6FF6F9-F2C0-43DA-BB79-059E6486585F}"
EndProject
Project("{FAE04EC0-301F-11D3-BF4B-00C04F79EFBC}") = "ECommerce.Cart.Domain", "ECommerce.Cart.Domain\ECommerce.Cart.Domain.csproj", "{D8792871-0A37-42EF-8396-2F887FFD312D}"
EndProject
Project("{FAE04EC0-301F-11D3-BF4B-00C04F79EFBC}") = "ECommerce.Cart.Infrastructure", "ECommerce.Cart.Infrastructure\ECommerce.Cart.Infrastructure.csproj", "{7E2B3D4B-AA97-42A2-AD24-A3DFEFDDB61D}"
EndProject
Project("{2150E333-8FDC-42A3-9474-1A3956D46DE8}") = "Order", "Order", "{FC4638FC-638A-4C59-A436-76FA3352172B}"
EndProject
Project("{FAE04EC0-301F-11D3-BF4B-00C04F79EFBC}") = "ECommerce.Order.API", "ECommerce.Order.API\ECommerce.Order.API.csproj", "{AC40C8C7-386F-4AB3-8838-7D10A25E00D2}"
EndProject
Project("{FAE04EC0-301F-11D3-BF4B-00C04F79EFBC}") = "ECommerce.Order.Application", "ECommerce.Order.Application\ECommerce.Order.Application.csproj", "{2140DB10-5535-4893-AE5C-A25D21B0CA5F}"
EndProject
Project("{FAE04EC0-301F-11D3-BF4B-00C04F79EFBC}") = "ECommerce.Order.Domain", "ECommerce.Order.Domain\ECommerce.Order.Domain.csproj", "{BB261A19-465A-44B7-884B-EB74CD825181}"
EndProject
Project("{FAE04EC0-301F-11D3-BF4B-00C04F79EFBC}") = "ECommerce.Order.Infrastructure", "ECommerce.Order.Infrastructure\ECommerce.Order.Infrastructure.csproj", "{F2F07CBD-5074-4997-AE8C-80A5F9D1EBD5}"
EndProject
Project("{2150E333-8FDC-42A3-9474-1A3956D46DE8}") = "Payment", "Payment", "{272B05BE-26E0-49A3-8C82-542BA1BFC4BD}"
EndProject
Project("{FAE04EC0-301F-11D3-BF4B-00C04F79EFBC}") = "ECommerce.Payment.API", "ECommerce.Payment.API\ECommerce.Payment.API.csproj", "{AEA8EB75-781B-4C90-B7C2-9200135761F4}"
EndProject
Project("{FAE04EC0-301F-11D3-BF4B-00C04F79EFBC}") = "ECommerce.Payment.Application", "ECommerce.Payment.Application\ECommerce.Payment.Application.csproj", "{46A26DC2-CE36-4E2F-8921-2E794691743B}"
EndProject
Project("{FAE04EC0-301F-11D3-BF4B-00C04F79EFBC}") = "ECommerce.Payment.Domain", "ECommerce.Payment.Domain\ECommerce.Payment.Domain.csproj", "{A0127FC8-103C-48B4-A033-0D6D199B8715}"
EndProject
Project("{FAE04EC0-301F-11D3-BF4B-00C04F79EFBC}") = "ECommerce.Payment.Infrastructure", "ECommerce.Payment.Infrastructure\ECommerce.Payment.Infrastructure.csproj", "{5D6FF9E6-3D5B-480A-B3C7-56EDA2D62F93}"
EndProject
Project("{2150E333-8FDC-42A3-9474-1A3956D46DE8}") = "Gateways", "Gateways", "{DF9AA5F1-8461-49AB-B2C8-0BFC53D1F4CC}"
EndProject
Project("{FAE04EC0-301F-11D3-BF4B-00C04F79EFBC}") = "ECommerce.ApiGateway", "ECommerce.ApiGateway\ECommerce.ApiGateway.csproj", "{0EADA406-95B8-4F7B-B96D-40D1447A32BA}"
EndProject
Global
	GlobalSection(SolutionConfigurationPlatforms) = preSolution
		Debug|Any CPU = Debug|Any CPU
		Release|Any CPU = Release|Any CPU
	EndGlobalSection
	GlobalSection(ProjectConfigurationPlatforms) = postSolution
		{DD13A789-7CA6-4458-8787-178C71C149A0}.Debug|Any CPU.ActiveCfg = Debug|Any CPU
		{DD13A789-7CA6-4458-8787-178C71C149A0}.Debug|Any CPU.Build.0 = Debug|Any CPU
		{DD13A789-7CA6-4458-8787-178C71C149A0}.Release|Any CPU.ActiveCfg = Release|Any CPU
		{DD13A789-7CA6-4458-8787-178C71C149A0}.Release|Any CPU.Build.0 = Release|Any CPU
		{C67BC1D9-2D6E-447A-A56F-DA65CC372005}.Debug|Any CPU.ActiveCfg = Debug|Any CPU
		{C67BC1D9-2D6E-447A-A56F-DA65CC372005}.Debug|Any CPU.Build.0 = Debug|Any CPU
		{C67BC1D9-2D6E-447A-A56F-DA65CC372005}.Release|Any CPU.ActiveCfg = Release|Any CPU
		{C67BC1D9-2D6E-447A-A56F-DA65CC372005}.Release|Any CPU.Build.0 = Release|Any CPU
		{2E811F9C-2C30-4EAB-AC94-4EC952643DA1}.Debug|Any CPU.ActiveCfg = Debug|Any CPU
		{2E811F9C-2C30-4EAB-AC94-4EC952643DA1}.Debug|Any CPU.Build.0 = Debug|Any CPU
		{2E811F9C-2C30-4EAB-AC94-4EC952643DA1}.Release|Any CPU.ActiveCfg = Release|Any CPU
		{2E811F9C-2C30-4EAB-AC94-4EC952643DA1}.Release|Any CPU.Build.0 = Release|Any CPU
		{1D123837-B82C-4131-A07B-4877D545A318}.Debug|Any CPU.ActiveCfg = Debug|Any CPU
		{1D123837-B82C-4131-A07B-4877D545A318}.Debug|Any CPU.Build.0 = Debug|Any CPU
		{1D123837-B82C-4131-A07B-4877D545A318}.Release|Any CPU.ActiveCfg = Release|Any CPU
		{1D123837-B82C-4131-A07B-4877D545A318}.Release|Any CPU.Build.0 = Release|Any CPU
		{F6ABBCF0-7D55-4AC3-958C-0166D1552A86}.Debug|Any CPU.ActiveCfg = Debug|Any CPU
		{F6ABBCF0-7D55-4AC3-958C-0166D1552A86}.Debug|Any CPU.Build.0 = Debug|Any CPU
		{F6ABBCF0-7D55-4AC3-958C-0166D1552A86}.Release|Any CPU.ActiveCfg = Release|Any CPU
		{F6ABBCF0-7D55-4AC3-958C-0166D1552A86}.Release|Any CPU.Build.0 = Release|Any CPU
		{10FC062E-7858-466E-ABD2-D1C7B3B6A302}.Debug|Any CPU.ActiveCfg = Debug|Any CPU
		{10FC062E-7858-466E-ABD2-D1C7B3B6A302}.Debug|Any CPU.Build.0 = Debug|Any CPU
		{10FC062E-7858-466E-ABD2-D1C7B3B6A302}.Release|Any CPU.ActiveCfg = Release|Any CPU
		{10FC062E-7858-466E-ABD2-D1C7B3B6A302}.Release|Any CPU.Build.0 = Release|Any CPU
		{33F02B24-7579-4849-A9D8-244B9FD2B067}.Debug|Any CPU.ActiveCfg = Debug|Any CPU
		{33F02B24-7579-4849-A9D8-244B9FD2B067}.Debug|Any CPU.Build.0 = Debug|Any CPU
		{33F02B24-7579-4849-A9D8-244B9FD2B067}.Release|Any CPU.ActiveCfg = Release|Any CPU
		{33F02B24-7579-4849-A9D8-244B9FD2B067}.Release|Any CPU.Build.0 = Release|Any CPU
		{43D71022-07F8-46D6-AD15-DB863B473CEC}.Debug|Any CPU.ActiveCfg = Debug|Any CPU
		{43D71022-07F8-46D6-AD15-DB863B473CEC}.Debug|Any CPU.Build.0 = Debug|Any CPU
		{43D71022-07F8-46D6-AD15-DB863B473CEC}.Release|Any CPU.ActiveCfg = Release|Any CPU
		{43D71022-07F8-46D6-AD15-DB863B473CEC}.Release|Any CPU.Build.0 = Release|Any CPU
		{40A83BED-733D-434C-A8EB-01C3B0D43B6A}.Debug|Any CPU.ActiveCfg = Debug|Any CPU
		{40A83BED-733D-434C-A8EB-01C3B0D43B6A}.Debug|Any CPU.Build.0 = Debug|Any CPU
		{40A83BED-733D-434C-A8EB-01C3B0D43B6A}.Release|Any CPU.ActiveCfg = Release|Any CPU
		{40A83BED-733D-434C-A8EB-01C3B0D43B6A}.Release|Any CPU.Build.0 = Release|Any CPU
		{3A6FF6F9-F2C0-43DA-BB79-059E6486585F}.Debug|Any CPU.ActiveCfg = Debug|Any CPU
		{3A6FF6F9-F2C0-43DA-BB79-059E6486585F}.Debug|Any CPU.Build.0 = Debug|Any CPU
		{3A6FF6F9-F2C0-43DA-BB79-059E6486585F}.Release|Any CPU.ActiveCfg = Release|Any CPU
		{3A6FF6F9-F2C0-43DA-BB79-059E6486585F}.Release|Any CPU.Build.0 = Release|Any CPU
		{D8792871-0A37-42EF-8396-2F887FFD312D}.Debug|Any CPU.ActiveCfg = Debug|Any CPU
		{D8792871-0A37-42EF-8396-2F887FFD312D}.Debug|Any CPU.Build.0 = Debug|Any CPU
		{D8792871-0A37-42EF-8396-2F887FFD312D}.Release|Any CPU.ActiveCfg = Release|Any CPU
		{D8792871-0A37-42EF-8396-2F887FFD312D}.Release|Any CPU.Build.0 = Release|Any CPU
		{7E2B3D4B-AA97-42A2-AD24-A3DFEFDDB61D}.Debug|Any CPU.ActiveCfg = Debug|Any CPU
		{7E2B3D4B-AA97-42A2-AD24-A3DFEFDDB61D}.Debug|Any CPU.Build.0 = Debug|Any CPU
		{7E2B3D4B-AA97-42A2-AD24-A3DFEFDDB61D}.Release|Any CPU.ActiveCfg = Release|Any CPU
		{7E2B3D4B-AA97-42A2-AD24-A3DFEFDDB61D}.Release|Any CPU.Build.0 = Release|Any CPU
		{AC40C8C7-386F-4AB3-8838-7D10A25E00D2}.Debug|Any CPU.ActiveCfg = Debug|Any CPU
		{AC40C8C7-386F-4AB3-8838-7D10A25E00D2}.Debug|Any CPU.Build.0 = Debug|Any CPU
		{AC40C8C7-386F-4AB3-8838-7D10A25E00D2}.Release|Any CPU.ActiveCfg = Release|Any CPU
		{AC40C8C7-386F-4AB3-8838-7D10A25E00D2}.Release|Any CPU.Build.0 = Release|Any CPU
		{2140DB10-5535-4893-AE5C-A25D21B0CA5F}.Debug|Any CPU.ActiveCfg = Debug|Any CPU
		{2140DB10-5535-4893-AE5C-A25D21B0CA5F}.Debug|Any CPU.Build.0 = Debug|Any CPU
		{2140DB10-5535-4893-AE5C-A25D21B0CA5F}.Release|Any CPU.ActiveCfg = Release|Any CPU
		{2140DB10-5535-4893-AE5C-A25D21B0CA5F}.Release|Any CPU.Build.0 = Release|Any CPU
		{BB261A19-465A-44B7-884B-EB74CD825181}.Debug|Any CPU.ActiveCfg = Debug|Any CPU
		{BB261A19-465A-44B7-884B-EB74CD825181}.Debug|Any CPU.Build.0 = Debug|Any CPU
		{BB261A19-465A-44B7-884B-EB74CD825181}.Release|Any CPU.ActiveCfg = Release|Any CPU
		{BB261A19-465A-44B7-884B-EB74CD825181}.Release|Any CPU.Build.0 = Release|Any CPU
		{F2F07CBD-5074-4997-AE8C-80A5F9D1EBD5}.Debug|Any CPU.ActiveCfg = Debug|Any CPU
		{F2F07CBD-5074-4997-AE8C-80A5F9D1EBD5}.Debug|Any CPU.Build.0 = Debug|Any CPU
		{F2F07CBD-5074-4997-AE8C-80A5F9D1EBD5}.Release|Any CPU.ActiveCfg = Release|Any CPU
		{F2F07CBD-5074-4997-AE8C-80A5F9D1EBD5}.Release|Any CPU.Build.0 = Release|Any CPU
		{AEA8EB75-781B-4C90-B7C2-9200135761F4}.Debug|Any CPU.ActiveCfg = Debug|Any CPU
		{AEA8EB75-781B-4C90-B7C2-9200135761F4}.Debug|Any CPU.Build.0 = Debug|Any CPU
		{AEA8EB75-781B-4C90-B7C2-9200135761F4}.Release|Any CPU.ActiveCfg = Release|Any CPU
		{AEA8EB75-781B-4C90-B7C2-9200135761F4}.Release|Any CPU.Build.0 = Release|Any CPU
		{46A26DC2-CE36-4E2F-8921-2E794691743B}.Debug|Any CPU.ActiveCfg = Debug|Any CPU
		{46A26DC2-CE36-4E2F-8921-2E794691743B}.Debug|Any CPU.Build.0 = Debug|Any CPU
		{46A26DC2-CE36-4E2F-8921-2E794691743B}.Release|Any CPU.ActiveCfg = Release|Any CPU
		{46A26DC2-CE36-4E2F-8921-2E794691743B}.Release|Any CPU.Build.0 = Release|Any CPU
		{A0127FC8-103C-48B4-A033-0D6D199B8715}.Debug|Any CPU.ActiveCfg = Debug|Any CPU
		{A0127FC8-103C-48B4-A033-0D6D199B8715}.Debug|Any CPU.Build.0 = Debug|Any CPU
		{A0127FC8-103C-48B4-A033-0D6D199B8715}.Release|Any CPU.ActiveCfg = Release|Any CPU
		{A0127FC8-103C-48B4-A033-0D6D199B8715}.Release|Any CPU.Build.0 = Release|Any CPU
		{5D6FF9E6-3D5B-480A-B3C7-56EDA2D62F93}.Debug|Any CPU.ActiveCfg = Debug|Any CPU
		{5D6FF9E6-3D5B-480A-B3C7-56EDA2D62F93}.Debug|Any CPU.Build.0 = Debug|Any CPU
		{5D6FF9E6-3D5B-480A-B3C7-56EDA2D62F93}.Release|Any CPU.ActiveCfg = Release|Any CPU
		{5D6FF9E6-3D5B-480A-B3C7-56EDA2D62F93}.Release|Any CPU.Build.0 = Release|Any CPU
		{0EADA406-95B8-4F7B-B96D-40D1447A32BA}.Debug|Any CPU.ActiveCfg = Debug|Any CPU
		{0EADA406-95B8-4F7B-B96D-40D1447A32BA}.Debug|Any CPU.Build.0 = Debug|Any CPU
		{0EADA406-95B8-4F7B-B96D-40D1447A32BA}.Release|Any CPU.ActiveCfg = Release|Any CPU
		{0EADA406-95B8-4F7B-B96D-40D1447A32BA}.Release|Any CPU.Build.0 = Release|Any CPU
	EndGlobalSection
	GlobalSection(SolutionProperties) = preSolution
		HideSolutionNode = FALSE
	EndGlobalSection
	GlobalSection(NestedProjects) = preSolution
		{DAD683A2-216A-487A-B878-FB401628DA34} = {02EA681E-C7D8-13C7-8484-4AC65E1B71E8}
		{DD13A789-7CA6-4458-8787-178C71C149A0} = {DAD683A2-216A-487A-B878-FB401628DA34}
		{C67BC1D9-2D6E-447A-A56F-DA65CC372005} = {DAD683A2-216A-487A-B878-FB401628DA34}
		{2E811F9C-2C30-4EAB-AC94-4EC952643DA1} = {DAD683A2-216A-487A-B878-FB401628DA34}
		{1D123837-B82C-4131-A07B-4877D545A318} = {DAD683A2-216A-487A-B878-FB401628DA34}
		{08D5735C-2669-4EF1-BD37-ECEF8A431DED} = {02EA681E-C7D8-13C7-8484-4AC65E1B71E8}
		{F6ABBCF0-7D55-4AC3-958C-0166D1552A86} = {08D5735C-2669-4EF1-BD37-ECEF8A431DED}
		{10FC062E-7858-466E-ABD2-D1C7B3B6A302} = {08D5735C-2669-4EF1-BD37-ECEF8A431DED}
		{33F02B24-7579-4849-A9D8-244B9FD2B067} = {08D5735C-2669-4EF1-BD37-ECEF8A431DED}
		{43D71022-07F8-46D6-AD15-DB863B473CEC} = {08D5735C-2669-4EF1-BD37-ECEF8A431DED}
		{D4502955-D78C-4760-82A8-220A20F01713} = {02EA681E-C7D8-13C7-8484-4AC65E1B71E8}
		{40A83BED-733D-434C-A8EB-01C3B0D43B6A} = {D4502955-D78C-4760-82A8-220A20F01713}
		{3A6FF6F9-F2C0-43DA-BB79-059E6486585F} = {D4502955-D78C-4760-82A8-220A20F01713}
		{D8792871-0A37-42EF-8396-2F887FFD312D} = {D4502955-D78C-4760-82A8-220A20F01713}
		{7E2B3D4B-AA97-42A2-AD24-A3DFEFDDB61D} = {D4502955-D78C-4760-82A8-220A20F01713}
		{FC4638FC-638A-4C59-A436-76FA3352172B} = {02EA681E-C7D8-13C7-8484-4AC65E1B71E8}
		{AC40C8C7-386F-4AB3-8838-7D10A25E00D2} = {FC4638FC-638A-4C59-A436-76FA3352172B}
		{2140DB10-5535-4893-AE5C-A25D21B0CA5F} = {FC4638FC-638A-4C59-A436-76FA3352172B}
		{BB261A19-465A-44B7-884B-EB74CD825181} = {FC4638FC-638A-4C59-A436-76FA3352172B}
		{F2F07CBD-5074-4997-AE8C-80A5F9D1EBD5} = {FC4638FC-638A-4C59-A436-76FA3352172B}
		{272B05BE-26E0-49A3-8C82-542BA1BFC4BD} = {02EA681E-C7D8-13C7-8484-4AC65E1B71E8}
		{AEA8EB75-781B-4C90-B7C2-9200135761F4} = {272B05BE-26E0-49A3-8C82-542BA1BFC4BD}
		{46A26DC2-CE36-4E2F-8921-2E794691743B} = {272B05BE-26E0-49A3-8C82-542BA1BFC4BD}
		{A0127FC8-103C-48B4-A033-0D6D199B8715} = {272B05BE-26E0-49A3-8C82-542BA1BFC4BD}
		{5D6FF9E6-3D5B-480A-B3C7-56EDA2D62F93} = {272B05BE-26E0-49A3-8C82-542BA1BFC4BD}
		{DF9AA5F1-8461-49AB-B2C8-0BFC53D1F4CC} = {02EA681E-C7D8-13C7-8484-4AC65E1B71E8}
		{0EADA406-95B8-4F7B-B96D-40D1447A32BA} = {DF9AA5F1-8461-49AB-B2C8-0BFC53D1F4CC}
	EndGlobalSection
	GlobalSection(ExtensibilityGlobals) = postSolution
		SolutionGuid = {FA5507C2-EBFF-4C48-B13C-2A9FECF25FFE}
	EndGlobalSection
EndGlobal
